
Microsoft Visual Studio Solution File, Format Version 12.00
# Visual Studio Version 16
VisualStudioVersion = 16.0.30204.135
MinimumVisualStudioVersion = 10.0.40219.1
Project("{888888A0-9F3D-457C-B088-3A5042F75D52}") = "Confusion", "Confusion\Confusion.pyproj", "{72AE222A-F56A-42F6-83A0-FAD287642A40}"
EndProject
Project("{8BC9CEB8-8B4A-11D0-8D11-00A0C91BC942}") = "LongTools", "LongTools\LongTools.vcxproj", "{7302474E-AC41-4677-A0C1-20666D0FD254}"
EndProject
Global
	GlobalSection(SolutionConfigurationPlatforms) = preSolution
		Debug|Any CPU = Debug|Any CPU
		Debug|x64 = Debug|x64
		Debug|x86 = Debug|x86
		Release|Any CPU = Release|Any CPU
		Release|x64 = Release|x64
		Release|x86 = Release|x86
	EndGlobalSection
	GlobalSection(ProjectConfigurationPlatforms) = postSolution
		{72AE222A-F56A-42F6-83A0-FAD287642A40}.Debug|Any CPU.ActiveCfg = Debug|Any CPU
		{72AE222A-F56A-42F6-83A0-FAD287642A40}.Debug|x64.ActiveCfg = Debug|Any CPU
		{72AE222A-F56A-42F6-83A0-FAD287642A40}.Debug|x86.ActiveCfg = Debug|Any CPU
		{72AE222A-F56A-42F6-83A0-FAD287642A40}.Release|Any CPU.ActiveCfg = Release|Any CPU
		{72AE222A-F56A-42F6-83A0-FAD287642A40}.Release|x64.ActiveCfg = Release|Any CPU
		{72AE222A-F56A-42F6-83A0-FAD287642A40}.Release|x86.ActiveCfg = Release|Any CPU
		{7302474E-AC41-4677-A0C1-20666D0FD254}.Debug|Any CPU.ActiveCfg = Debug|Win32
		{7302474E-AC41-4677-A0C1-20666D0FD254}.Debug|Any CPU.Build.0 = Debug|Win32
		{7302474E-AC41-4677-A0C1-20666D0FD254}.Debug|x64.ActiveCfg = Debug|x64
		{7302474E-AC41-4677-A0C1-20666D0FD254}.Debug|x64.Build.0 = Debug|x64
		{7302474E-AC41-4677-A0C1-20666D0FD254}.Debug|x86.ActiveCfg = Debug|Win32
		{7302474E-AC41-4677-A0C1-20666D0FD254}.Debug|x86.Build.0 = Debug|Win32
		{7302474E-AC41-4677-A0C1-20666D0FD254}.Release|Any CPU.ActiveCfg = Release|Win32
		{7302474E-AC41-4677-A0C1-20666D0FD254}.Release|x64.ActiveCfg = Release|x64
		{7302474E-AC41-4677-A0C1-20666D0FD254}.Release|x64.Build.0 = Release|x64
		{7302474E-AC41-4677-A0C1-20666D0FD254}.Release|x86.ActiveCfg = Release|Win32
		{7302474E-AC41-4677-A0C1-20666D0FD254}.Release|x86.Build.0 = Release|Win32
	EndGlobalSection
	GlobalSection(SolutionProperties) = preSolution
		HideSolutionNode = FALSE
	EndGlobalSection
	GlobalSection(ExtensibilityGlobals) = postSolution
		SolutionGuid = {912459B7-E597-4382-B9D5-E36F681AA9FA}
	EndGlobalSection
EndGlobal
